{
  "name": "shader",
  "version": "1.0.0",
  "lockfileVersion": 3,
  "requires": true,
  "packages": {
    "": {
      "name": "shader",
      "version": "1.0.0",
      "license": "ISC",
      "dependencies": {
        "rpi-led-matrix": "^1.15.0"
      },
      "devDependencies": {
        "typescript": "^5.7.3"
      }
    },
    "node_modules/node-addon-api": {
      "version": "8.3.1",
      "resolved": "https://registry.npmjs.org/node-addon-api/-/node-addon-api-8.3.1.tgz",
      "integrity": "sha512-lytcDEdxKjGJPTLEfW4mYMigRezMlyJY8W4wxJK8zE533Jlb8L8dRuObJFWg2P+AuOIxoCgKF+2Oq4d4Zd0OUA==",
      "license": "MIT",
      "engines": {
        "node": "^18 || ^20 || >= 21"
      }
    },
    "node_modules/rpi-led-matrix": {
      "version": "1.15.0",
      "resolved": "https://registry.npmjs.org/rpi-led-matrix/-/rpi-led-matrix-1.15.0.tgz",
      "integrity": "sha512-2a5su7K7wefzBL/ggSAn8dCiqNPC4AEfWdYJUErRwRaOoljx1Kl3WPm07Um75Yy8Ywt/2rFG1UeFjSRowJ1rSw==",
      "hasInstallScript": true,
      "license": "MITNFA",
      "dependencies": {
        "node-addon-api": "^8.3.0"
      },
      "engines": {
        "node": ">=18.0.0"
      }
    },
    "node_modules/typescript": {
      "version": "5.7.3",
      "resolved": "https://registry.npmjs.org/typescript/-/typescript-5.7.3.tgz",
      "integrity": "sha512-84MVSjMEHP+FQRPy3pX9sTVV/INIex71s9TL2Gm5FG/WG1SqXeKyZ0k7/blY/4FdOzI12CBy1vGc4og/eus0fw==",
      "dev": true,
      "license": "Apache-2.0",
      "bin": {
        "tsc": "bin/tsc",
        "tsserver": "bin/tsserver"
      },
      "engines": {
        "node": ">=14.17"
      }
    }
  }
}
